{
  "pins" : [
    {
      "identity" : "codescanner",
      "kind" : "remoteSourceControl",
      "location" : "https://github.com/twostraws/CodeScanner",
      "state" : {
        "branch" : "main",
        "revision" : "e1943d72ae0c8d057d8b0c5742f49cb31daf792e"
      }
    },
    {
      "identity" : "confettiswiftui",
      "kind" : "remoteSourceControl",
      "location" : "https://github.com/simibac/ConfettiSwiftUI",
      "state" : {
        "revision" : "f45961f97bbae6fff6e2e64546fea0189425ad92",
        "version" : "1.1.0"
      }
    },
    {
      "identity" : "contextual-sdk",
      "kind" : "remoteSourceControl",
      "location" : "https://github.com/contextu-al/Contextual-SDK",
      "state" : {
        "revision" : "e387ca9c689943b624a59e966b2474ce749a11f5",
        "version" : "3.0.1"
      }
    }
  ],
  "version" : 2
}
