{
  "pins" : [
    {
      "identity" : "codescanner",
      "kind" : "remoteSourceControl",
      "location" : "https://github.com/twostraws/CodeScanner",
      "state" : {
        "branch" : "main",
        "revision" : "9302aa103d94d1bdbbb452b3986704508b2364a5"
      }
    },
    {
      "identity" : "confettiswiftui",
      "kind" : "remoteSourceControl",
      "location" : "https://github.com/simibac/ConfettiSwiftUI",
      "state" : {
        "revision" : "f45961f97bbae6fff6e2e64546fea0189425ad92",
        "version" : "1.1.0"
      }
    },
    {
      "identity" : "contextual-sdk",
      "kind" : "remoteSourceControl",
      "location" : "https://github.com/contextu-al/Contextual-SDK",
      "state" : {
        "revision" : "e387ca9c689943b624a59e966b2474ce749a11f5",
        "version" : "3.0.1"
      }
    },
    {
      "identity" : "ios-guideblocks",
      "kind" : "remoteSourceControl",
      "location" : "https://github.com/GuideBlocks-org/iOS-GuideBlocks",
      "state" : {
        "branch" : "develop",
        "revision" : "9a945e440a33554a0d45a5dc33d2bc02dff006f3"
      }
    }
  ],
  "version" : 2
}
