PODS:
  - AppCenter (5.0.4):
    - AppCenter/Analytics (= 5.0.4)
    - AppCenter/Crashes (= 5.0.4)
  - AppCenter/Analytics (5.0.4):
    - AppCenter/Core
  - AppCenter/Core (5.0.4)
  - AppCenter/Crashes (5.0.4):
    - AppCenter/Core
  - AppCenter/Distribute (5.0.4):
    - AppCenter/Core
  - Contextual (2.11.4-beta):
    - paper-onboarding-pointzi
  - paper-onboarding-pointzi (2.0.6)

DEPENDENCIES:
  - AppCenter
  - AppCenter/Distribute
  - Contextual (from `https://repo.contextu.al/artifactory/contextual/ios/podspec/dev/Contextual.podspec`)

SPEC REPOS:
  trunk:
    - AppCenter
    - paper-onboarding-pointzi

EXTERNAL SOURCES:
  Contextual:
    :podspec: https://repo.contextu.al/artifactory/contextual/ios/podspec/dev/Contextual.podspec

SPEC CHECKSUMS:
  AppCenter: 85c92db0759d2792a65eb61d6842d2e86611a49a
  Contextual: b088e69fdc8e9691d52fdadd795657d4b522e176
  paper-onboarding-pointzi: 1349b198730213573a6171898dbbfb57dd581393

PODFILE CHECKSUM: 99dc7768f0f5edfc7e4c88b7fc1fdbc1c155321a

COCOAPODS: 1.11.3
