PODS:
  - AppCenter (5.0.4):
    - AppCenter/Analytics (= 5.0.4)
    - AppCenter/Crashes (= 5.0.4)
  - AppCenter/Analytics (5.0.4):
    - AppCenter/Core
  - AppCenter/Core (5.0.4)
  - AppCenter/Crashes (5.0.4):
    - AppCenter/Core
  - AppCenter/Distribute (5.0.4):
    - AppCenter/Core

DEPENDENCIES:
  - AppCenter
  - AppCenter/Distribute

SPEC REPOS:
  trunk:
    - AppCenter

SPEC CHECKSUMS:
  AppCenter: 85c92db0759d2792a65eb61d6842d2e86611a49a

PODFILE CHECKSUM: 245541ebd695fe5c56628942025d6edfeaa566d6

COCOAPODS: 1.14.3
