{
  "pins" : [
    {
      "identity" : "confettiswiftui",
      "kind" : "remoteSourceControl",
      "location" : "https://github.com/simibac/ConfettiSwiftUI",
      "state" : {
        "revision" : "f45961f97bbae6fff6e2e64546fea0189425ad92",
        "version" : "1.1.0"
      }
    },
    {
      "identity" : "contextual-sdk",
      "kind" : "remoteSourceControl",
      "location" : "https://github.com/contextu-al/Contextual-SDK",
      "state" : {
        "revision" : "e387ca9c689943b624a59e966b2474ce749a11f5",
        "version" : "3.0.1"
      }
    },
    {
      "identity" : "ios-guideblocks",
      "kind" : "remoteSourceControl",
      "location" : "https://github.com/GuideBlocks-org/iOS-GuideBlocks",
      "state" : {
        "branch" : "confetti",
        "revision" : "a10016754391fcd42dc9a2f9fa5281bf1cd8cd50"
      }
    }
  ],
  "version" : 2
}
